// !$*UTF8*$!
{
	archiveVersion = 1;
	classes = {
	};
	objectVersion = 46;
	objects = {

/* Begin PBXBuildFile section */
		57ECA7961DE9BDF7003EFA74 /* AppDelegate.swift in Sources */ = {isa = PBXBuildFile; fileRef = 57ECA7951DE9BDF7003EFA74 /* AppDelegate.swift */; };
		57ECA79B1DE9BDF7003EFA74 /* Main.storyboard in Resources */ = {isa = PBXBuildFile; fileRef = 57ECA7991DE9BDF7003EFA74 /* Main.storyboard */; };
		57ECA79E1DE9BDF7003EFA74 /* To_DO.xcdatamodeld in Sources */ = {isa = PBXBuildFile; fileRef = 57ECA79C1DE9BDF7003EFA74 /* To_DO.xcdatamodeld */; };
		57ECA7A01DE9BDF7003EFA74 /* Assets.xcassets in Resources */ = {isa = PBXBuildFile; fileRef = 57ECA79F1DE9BDF7003EFA74 /* Assets.xcassets */; };
		57ECA7A31DE9BDF7003EFA74 /* LaunchScreen.storyboard in Resources */ = {isa = PBXBuildFile; fileRef = 57ECA7A11DE9BDF7003EFA74 /* LaunchScreen.storyboard */; };
		57ECA7AE1DE9BDF7003EFA74 /* To_DOTests.swift in Sources */ = {isa = PBXBuildFile; fileRef = 57ECA7AD1DE9BDF7003EFA74 /* To_DOTests.swift */; };
		57ECA7B91DE9BDF7003EFA74 /* To_DOUITests.swift in Sources */ = {isa = PBXBuildFile; fileRef = 57ECA7B81DE9BDF7003EFA74 /* To_DOUITests.swift */; };
		57ECA7C71DE9BEA4003EFA74 /* LoginViewController.swift in Sources */ = {isa = PBXBuildFile; fileRef = 57ECA7C61DE9BEA4003EFA74 /* LoginViewController.swift */; };
		57ECA7C91DE9BED1003EFA74 /* NewToDoViewController.swift in Sources */ = {isa = PBXBuildFile; fileRef = 57ECA7C81DE9BED1003EFA74 /* NewToDoViewController.swift */; };
		57ECA7CD1DE9BF9F003EFA74 /* ToDoListTableViewController.swift in Sources */ = {isa = PBXBuildFile; fileRef = 57ECA7CC1DE9BF9F003EFA74 /* ToDoListTableViewController.swift */; };
/* End PBXBuildFile section */

/* Begin PBXContainerItemProxy section */
		57ECA7AA1DE9BDF7003EFA74 /* PBXContainerItemProxy */ = {
			isa = PBXContainerItemProxy;
			containerPortal = 57ECA78A1DE9BDF7003EFA74 /* Project object */;
			proxyType = 1;
			remoteGlobalIDString = 57ECA7911DE9BDF7003EFA74;
			remoteInfo = "To DO";
		};
		57ECA7B51DE9BDF7003EFA74 /* PBXContainerItemProxy */ = {
			isa = PBXContainerItemProxy;
			containerPortal = 57ECA78A1DE9BDF7003EFA74 /* Project object */;
			proxyType = 1;
			remoteGlobalIDString = 57ECA7911DE9BDF7003EFA74;
			remoteInfo = "To DO";
		};
/* End PBXContainerItemProxy section */

/* Begin PBXFileReference section */
		57ECA7921DE9BDF7003EFA74 /* To DO.app */ = {isa = PBXFileReference; explicitFileType = wrapper.application; includeInIndex = 0; path = "To DO.app"; sourceTree = BUILT_PRODUCTS_DIR; };
		57ECA7951DE9BDF7003EFA74 /* AppDelegate.swift */ = {isa = PBXFileReference; lastKnownFileType = sourcecode.swift; path = AppDelegate.swift; sourceTree = "<group>"; };
		57ECA79A1DE9BDF7003EFA74 /* Base */ = {isa = PBXFileReference; lastKnownFileType = file.storyboard; name = Base; path = Base.lproj/Main.storyboard; sourceTree = "<group>"; };
		57ECA79D1DE9BDF7003EFA74 /* To_DO.xcdatamodel */ = {isa = PBXFileReference; lastKnownFileType = wrapper.xcdatamodel; path = To_DO.xcdatamodel; sourceTree = "<group>"; };
		57ECA79F1DE9BDF7003EFA74 /* Assets.xcassets */ = {isa = PBXFileReference; lastKnownFileType = folder.assetcatalog; path = Assets.xcassets; sourceTree = "<group>"; };
		57ECA7A21DE9BDF7003EFA74 /* Base */ = {isa = PBXFileReference; lastKnownFileType = file.storyboard; name = Base; path = Base.lproj/LaunchScreen.storyboard; sourceTree = "<group>"; };
		57ECA7A41DE9BDF7003EFA74 /* Info.plist */ = {isa = PBXFileReference; lastKnownFileType = text.plist.xml; path = Info.plist; sourceTree = "<group>"; };
		57ECA7A91DE9BDF7003EFA74 /* To DOTests.xctest */ = {isa = PBXFileReference; explicitFileType = wrapper.cfbundle; includeInIndex = 0; path = "To DOTests.xctest"; sourceTree = BUILT_PRODUCTS_DIR; };
		57ECA7AD1DE9BDF7003EFA74 /* To_DOTests.swift */ = {isa = PBXFileReference; lastKnownFileType = sourcecode.swift; path = To_DOTests.swift; sourceTree = "<group>"; };
		57ECA7AF1DE9BDF7003EFA74 /* Info.plist */ = {isa = PBXFileReference; lastKnownFileType = text.plist.xml; path = Info.plist; sourceTree = "<group>"; };
		57ECA7B41DE9BDF7003EFA74 /* To DOUITests.xctest */ = {isa = PBXFileReference; explicitFileType = wrapper.cfbundle; includeInIndex = 0; path = "To DOUITests.xctest"; sourceTree = BUILT_PRODUCTS_DIR; };
		57ECA7B81DE9BDF7003EFA74 /* To_DOUITests.swift */ = {isa = PBXFileReference; lastKnownFileType = sourcecode.swift; path = To_DOUITests.swift; sourceTree = "<group>"; };
		57ECA7BA1DE9BDF7003EFA74 /* Info.plist */ = {isa = PBXFileReference; lastKnownFileType = text.plist.xml; path = Info.plist; sourceTree = "<group>"; };
		57ECA7C61DE9BEA4003EFA74 /* LoginViewController.swift */ = {isa = PBXFileReference; fileEncoding = 4; lastKnownFileType = sourcecode.swift; path = LoginViewController.swift; sourceTree = "<group>"; };
		57ECA7C81DE9BED1003EFA74 /* NewToDoViewController.swift */ = {isa = PBXFileReference; fileEncoding = 4; lastKnownFileType = sourcecode.swift; path = NewToDoViewController.swift; sourceTree = "<group>"; };
		57ECA7CC1DE9BF9F003EFA74 /* ToDoListTableViewController.swift */ = {isa = PBXFileReference; fileEncoding = 4; lastKnownFileType = sourcecode.swift; path = ToDoListTableViewController.swift; sourceTree = "<group>"; };
/* End PBXFileReference section */

/* Begin PBXFrameworksBuildPhase section */
		57ECA78F1DE9BDF7003EFA74 /* Frameworks */ = {
			isa = PBXFrameworksBuildPhase;
			buildActionMask = 2147483647;
			files = (
			);
			runOnlyForDeploymentPostprocessing = 0;
		};
		57ECA7A61DE9BDF7003EFA74 /* Frameworks */ = {
			isa = PBXFrameworksBuildPhase;
			buildActionMask = 2147483647;
			files = (
			);
			runOnlyForDeploymentPostprocessing = 0;
		};
		57ECA7B11DE9BDF7003EFA74 /* Frameworks */ = {
			isa = PBXFrameworksBuildPhase;
			buildActionMask = 2147483647;
			files = (
			);
			runOnlyForDeploymentPostprocessing = 0;
		};
/* End PBXFrameworksBuildPhase section */

/* Begin PBXGroup section */
		57ECA7891DE9BDF7003EFA74 = {
			isa = PBXGroup;
			children = (
				57ECA7941DE9BDF7003EFA74 /* To DO */,
				57ECA7AC1DE9BDF7003EFA74 /* To DOTests */,
				57ECA7B71DE9BDF7003EFA74 /* To DOUITests */,
				57ECA7931DE9BDF7003EFA74 /* Products */,
			);
			sourceTree = "<group>";
		};
		57ECA7931DE9BDF7003EFA74 /* Products */ = {
			isa = PBXGroup;
			children = (
				57ECA7921DE9BDF7003EFA74 /* To DO.app */,
				57ECA7A91DE9BDF7003EFA74 /* To DOTests.xctest */,
				57ECA7B41DE9BDF7003EFA74 /* To DOUITests.xctest */,
			);
			name = Products;
			sourceTree = "<group>";
		};
		57ECA7941DE9BDF7003EFA74 /* To DO */ = {
			isa = PBXGroup;
			children = (
				57ECA7951DE9BDF7003EFA74 /* AppDelegate.swift */,
				57ECA7C61DE9BEA4003EFA74 /* LoginViewController.swift */,
				57ECA7C81DE9BED1003EFA74 /* NewToDoViewController.swift */,
				57ECA7CC1DE9BF9F003EFA74 /* ToDoListTableViewController.swift */,
				57ECA7991DE9BDF7003EFA74 /* Main.storyboard */,
				57ECA79F1DE9BDF7003EFA74 /* Assets.xcassets */,
				57ECA7A11DE9BDF7003EFA74 /* LaunchScreen.storyboard */,
				57ECA7A41DE9BDF7003EFA74 /* Info.plist */,
				57ECA79C1DE9BDF7003EFA74 /* To_DO.xcdatamodeld */,
			);
			path = "To DO";
			sourceTree = "<group>";
		};
		57ECA7AC1DE9BDF7003EFA74 /* To DOTests */ = {
			isa = PBXGroup;
			children = (
				57ECA7AD1DE9BDF7003EFA74 /* To_DOTests.swift */,
				57ECA7AF1DE9BDF7003EFA74 /* Info.plist */,
			);
			path = "To DOTests";
			sourceTree = "<group>";
		};
		57ECA7B71DE9BDF7003EFA74 /* To DOUITests */ = {
			isa = PBXGroup;
			children = (
				57ECA7B81DE9BDF7003EFA74 /* To_DOUITests.swift */,
				57ECA7BA1DE9BDF7003EFA74 /* Info.plist */,
			);
			path = "To DOUITests";
			sourceTree = "<group>";
		};
/* End PBXGroup section */

/* Begin PBXNativeTarget section */
		57ECA7911DE9BDF7003EFA74 /* To DO */ = {
			isa = PBXNativeTarget;
			buildConfigurationList = 57ECA7BD1DE9BDF7003EFA74 /* Build configuration list for PBXNativeTarget "To DO" */;
			buildPhases = (
				57ECA78E1DE9BDF7003EFA74 /* Sources */,
				57ECA78F1DE9BDF7003EFA74 /* Frameworks */,
				57ECA7901DE9BDF7003EFA74 /* Resources */,
			);
			buildRules = (
			);
			dependencies = (
			);
			name = "To DO";
			productName = "To DO";
			productReference = 57ECA7921DE9BDF7003EFA74 /* To DO.app */;
			productType = "com.apple.product-type.application";
		};
		57ECA7A81DE9BDF7003EFA74 /* To DOTests */ = {
			isa = PBXNativeTarget;
			buildConfigurationList = 57ECA7C01DE9BDF7003EFA74 /* Build configuration list for PBXNativeTarget "To DOTests" */;
			buildPhases = (
				57ECA7A51DE9BDF7003EFA74 /* Sources */,
				57ECA7A61DE9BDF7003EFA74 /* Frameworks */,
				57ECA7A71DE9BDF7003EFA74 /* Resources */,
			);
			buildRules = (
			);
			dependencies = (
				57ECA7AB1DE9BDF7003EFA74 /* PBXTargetDependency */,
			);
			name = "To DOTests";
			productName = "To DOTests";
			productReference = 57ECA7A91DE9BDF7003EFA74 /* To DOTests.xctest */;
			productType = "com.apple.product-type.bundle.unit-test";
		};
		57ECA7B31DE9BDF7003EFA74 /* To DOUITests */ = {
			isa = PBXNativeTarget;
			buildConfigurationList = 57ECA7C31DE9BDF7003EFA74 /* Build configuration list for PBXNativeTarget "To DOUITests" */;
			buildPhases = (
				57ECA7B01DE9BDF7003EFA74 /* Sources */,
				57ECA7B11DE9BDF7003EFA74 /* Frameworks */,
				57ECA7B21DE9BDF7003EFA74 /* Resources */,
			);
			buildRules = (
			);
			dependencies = (
				57ECA7B61DE9BDF7003EFA74 /* PBXTargetDependency */,
			);
			name = "To DOUITests";
			productName = "To DOUITests";
			productReference = 57ECA7B41DE9BDF7003EFA74 /* To DOUITests.xctest */;
			productType = "com.apple.product-type.bundle.ui-testing";
		};
/* End PBXNativeTarget section */

/* Begin PBXProject section */
		57ECA78A1DE9BDF7003EFA74 /* Project object */ = {
			isa = PBXProject;
			attributes = {
				LastSwiftUpdateCheck = 0800;
				LastUpgradeCheck = 0800;
				ORGANIZATIONNAME = "Pranav Chhikara";
				TargetAttributes = {
					57ECA7911DE9BDF7003EFA74 = {
						CreatedOnToolsVersion = 8.0;
						ProvisioningStyle = Automatic;
					};
					57ECA7A81DE9BDF7003EFA74 = {
						CreatedOnToolsVersion = 8.0;
						ProvisioningStyle = Automatic;
						TestTargetID = 57ECA7911DE9BDF7003EFA74;
					};
					57ECA7B31DE9BDF7003EFA74 = {
						CreatedOnToolsVersion = 8.0;
						ProvisioningStyle = Automatic;
						TestTargetID = 57ECA7911DE9BDF7003EFA74;
					};
				};
			};
			buildConfigurationList = 57ECA78D1DE9BDF7003EFA74 /* Build configuration list for PBXProject "To DO" */;
			compatibilityVersion = "Xcode 3.2";
			developmentRegion = English;
			hasScannedForEncodings = 0;
			knownRegions = (
				en,
				Base,
			);
			mainGroup = 57ECA7891DE9BDF7003EFA74;
			productRefGroup = 57ECA7931DE9BDF7003EFA74 /* Products */;
			projectDirPath = "";
			projectRoot = "";
			targets = (
				57ECA7911DE9BDF7003EFA74 /* To DO */,
				57ECA7A81DE9BDF7003EFA74 /* To DOTests */,
				57ECA7B31DE9BDF7003EFA74 /* To DOUITests */,
			);
		};
/* End PBXProject section */

/* Begin PBXResourcesBuildPhase section */
		57ECA7901DE9BDF7003EFA74 /* Resources */ = {
			isa = PBXResourcesBuildPhase;
			buildActionMask = 2147483647;
			files = (
				57ECA7A31DE9BDF7003EFA74 /* LaunchScreen.storyboard in Resources */,
				57ECA7A01DE9BDF7003EFA74 /* Assets.xcassets in Resources */,
				57ECA79B1DE9BDF7003EFA74 /* Main.storyboard in Resources */,
			);
			runOnlyForDeploymentPostprocessing = 0;
		};
		57ECA7A71DE9BDF7003EFA74 /* Resources */ = {
			isa = PBXResourcesBuildPhase;
			buildActionMask = 2147483647;
			files = (
			);
			runOnlyForDeploymentPostprocessing = 0;
		};
		57ECA7B21DE9BDF7003EFA74 /* Resources */ = {
			isa = PBXResourcesBuildPhase;
			buildActionMask = 2147483647;
			files = (
			);
			runOnlyForDeploymentPostprocessing = 0;
		};
/* End PBXResourcesBuildPhase section */

/* Begin PBXSourcesBuildPhase section */
		57ECA78E1DE9BDF7003EFA74 /* Sources */ = {
			isa = PBXSourcesBuildPhase;
			buildActionMask = 2147483647;
			files = (
				57ECA7C71DE9BEA4003EFA74 /* LoginViewController.swift in Sources */,
				57ECA7CD1DE9BF9F003EFA74 /* ToDoListTableViewController.swift in Sources */,
				57ECA7C91DE9BED1003EFA74 /* NewToDoViewController.swift in Sources */,
				57ECA79E1DE9BDF7003EFA74 /* To_DO.xcdatamodeld in Sources */,
				57ECA7961DE9BDF7003EFA74 /* AppDelegate.swift in Sources */,
			);
			runOnlyForDeploymentPostprocessing = 0;
		};
		57ECA7A51DE9BDF7003EFA74 /* Sources */ = {
			isa = PBXSourcesBuildPhase;
			buildActionMask = 2147483647;
			files = (
				57ECA7AE1DE9BDF7003EFA74 /* To_DOTests.swift in Sources */,
			);
			runOnlyForDeploymentPostprocessing = 0;
		};
		57ECA7B01DE9BDF7003EFA74 /* Sources */ = {
			isa = PBXSourcesBuildPhase;
			buildActionMask = 2147483647;
			files = (
				57ECA7B91DE9BDF7003EFA74 /* To_DOUITests.swift in Sources */,
			);
			runOnlyForDeploymentPostprocessing = 0;
		};
/* End PBXSourcesBuildPhase section */

/* Begin PBXTargetDependency section */
		57ECA7AB1DE9BDF7003EFA74 /* PBXTargetDependency */ = {
			isa = PBXTargetDependency;
			target = 57ECA7911DE9BDF7003EFA74 /* To DO */;
			targetProxy = 57ECA7AA1DE9BDF7003EFA74 /* PBXContainerItemProxy */;
		};
		57ECA7B61DE9BDF7003EFA74 /* PBXTargetDependency */ = {
			isa = PBXTargetDependency;
			target = 57ECA7911DE9BDF7003EFA74 /* To DO */;
			targetProxy = 57ECA7B51DE9BDF7003EFA74 /* PBXContainerItemProxy */;
		};
/* End PBXTargetDependency section */

/* Begin PBXVariantGroup section */
		57ECA7991DE9BDF7003EFA74 /* Main.storyboard */ = {
			isa = PBXVariantGroup;
			children = (
				57ECA79A1DE9BDF7003EFA74 /* Base */,
			);
			name = Main.storyboard;
			sourceTree = "<group>";
		};
		57ECA7A11DE9BDF7003EFA74 /* LaunchScreen.storyboard */ = {
			isa = PBXVariantGroup;
			children = (
				57ECA7A21DE9BDF7003EFA74 /* Base */,
			);
			name = LaunchScreen.storyboard;
			sourceTree = "<group>";
		};
/* End PBXVariantGroup section */

/* Begin XCBuildConfiguration section */
		57ECA7BB1DE9BDF7003EFA74 /* Debug */ = {
			isa = XCBuildConfiguration;
			buildSettings = {
				ALWAYS_SEARCH_USER_PATHS = NO;
				CLANG_ANALYZER_NONNULL = YES;
				CLANG_CXX_LANGUAGE_STANDARD = "gnu++0x";
				CLANG_CXX_LIBRARY = "libc++";
				CLANG_ENABLE_MODULES = YES;
				CLANG_ENABLE_OBJC_ARC = YES;
				CLANG_WARN_BOOL_CONVERSION = YES;
				CLANG_WARN_CONSTANT_CONVERSION = YES;
				CLANG_WARN_DIRECT_OBJC_ISA_USAGE = YES_ERROR;
				CLANG_WARN_DOCUMENTATION_COMMENTS = YES;
				CLANG_WARN_EMPTY_BODY = YES;
				CLANG_WARN_ENUM_CONVERSION = YES;
				CLANG_WARN_INFINITE_RECURSION = YES;
				CLANG_WARN_INT_CONVERSION = YES;
				CLANG_WARN_OBJC_ROOT_CLASS = YES_ERROR;
				CLANG_WARN_SUSPICIOUS_MOVES = YES;
				CLANG_WARN_UNREACHABLE_CODE = YES;
				CLANG_WARN__DUPLICATE_METHOD_MATCH = YES;
				"CODE_SIGN_IDENTITY[sdk=iphoneos*]" = "iPhone Developer";
				COPY_PHASE_STRIP = NO;
				DEBUG_INFORMATION_FORMAT = dwarf;
				ENABLE_STRICT_OBJC_MSGSEND = YES;
				ENABLE_TESTABILITY = YES;
				GCC_C_LANGUAGE_STANDARD = gnu99;
				GCC_DYNAMIC_NO_PIC = NO;
				GCC_NO_COMMON_BLOCKS = YES;
				GCC_OPTIMIZATION_LEVEL = 0;
				GCC_PREPROCESSOR_DEFINITIONS = (
					"DEBUG=1",
					"$(inherited)",
				);
				GCC_WARN_64_TO_32_BIT_CONVERSION = YES;
				GCC_WARN_ABOUT_RETURN_TYPE = YES_ERROR;
				GCC_WARN_UNDECLARED_SELECTOR = YES;
				GCC_WARN_UNINITIALIZED_AUTOS = YES_AGGRESSIVE;
				GCC_WARN_UNUSED_FUNCTION = YES;
				GCC_WARN_UNUSED_VARIABLE = YES;
				IPHONEOS_DEPLOYMENT_TARGET = 10.0;
				MTL_ENABLE_DEBUG_INFO = YES;
				ONLY_ACTIVE_ARCH = YES;
				SDKROOT = iphoneos;
				SWIFT_ACTIVE_COMPILATION_CONDITIONS = DEBUG;
				SWIFT_OPTIMIZATION_LEVEL = "-Onone";
				TARGETED_DEVICE_FAMILY = "1,2";
			};
			name = Debug;
		};
		57ECA7BC1DE9BDF7003EFA74 /* Release */ = {
			isa = XCBuildConfiguration;
			buildSettings = {
				ALWAYS_SEARCH_USER_PATHS = NO;
				CLANG_ANALYZER_NONNULL = YES;
				CLANG_CXX_LANGUAGE_STANDARD = "gnu++0x";
				CLANG_CXX_LIBRARY = "libc++";
				CLANG_ENABLE_MODULES = YES;
				CLANG_ENABLE_OBJC_ARC = YES;
				CLANG_WARN_BOOL_CONVERSION = YES;
				CLANG_WARN_CONSTANT_CONVERSION = YES;
				CLANG_WARN_DIRECT_OBJC_ISA_USAGE = YES_ERROR;
				CLANG_WARN_DOCUMENTATION_COMMENTS = YES;
				CLANG_WARN_EMPTY_BODY = YES;
				CLANG_WARN_ENUM_CONVERSION = YES;
				CLANG_WARN_INFINITE_RECURSION = YES;
				CLANG_WARN_INT_CONVERSION = YES;
				CLANG_WARN_OBJC_ROOT_CLASS = YES_ERROR;
				CLANG_WARN_SUSPICIOUS_MOVES = YES;
				CLANG_WARN_UNREACHABLE_CODE = YES;
				CLANG_WARN__DUPLICATE_METHOD_MATCH = YES;
				"CODE_SIGN_IDENTITY[sdk=iphoneos*]" = "iPhone Developer";
				COPY_PHASE_STRIP = NO;
				DEBUG_INFORMATION_FORMAT = "dwarf-with-dsym";
				ENABLE_NS_ASSERTIONS = NO;
				ENABLE_STRICT_OBJC_MSGSEND = YES;
				GCC_C_LANGUAGE_STANDARD = gnu99;
				GCC_NO_COMMON_BLOCKS = YES;
				GCC_WARN_64_TO_32_BIT_CONVERSION = YES;
				GCC_WARN_ABOUT_RETURN_TYPE = YES_ERROR;
				GCC_WARN_UNDECLARED_SELECTOR = YES;
				GCC_WARN_UNINITIALIZED_AUTOS = YES_AGGRESSIVE;
				GCC_WARN_UNUSED_FUNCTION = YES;
				GCC_WARN_UNUSED_VARIABLE = YES;
				IPHONEOS_DEPLOYMENT_TARGET = 10.0;
				MTL_ENABLE_DEBUG_INFO = NO;
				SDKROOT = iphoneos;
				SWIFT_OPTIMIZATION_LEVEL = "-Owholemodule";
				TARGETED_DEVICE_FAMILY = "1,2";
				VALIDATE_PRODUCT = YES;
			};
			name = Release;
		};
		57ECA7BE1DE9BDF7003EFA74 /* Debug */ = {
			isa = XCBuildConfiguration;
			buildSettings = {
				ASSETCATALOG_COMPILER_APPICON_NAME = AppIcon;
				DEVELOPMENT_TEAM = "";
				INFOPLIST_FILE = "To DO/Info.plist";
				IPHONEOS_DEPLOYMENT_TARGET = 10.0;
				LD_RUNPATH_SEARCH_PATHS = "$(inherited) @executable_path/Frameworks";
				PRODUCT_BUNDLE_IDENTIFIER = "test.To-DO";
				PRODUCT_NAME = "$(TARGET_NAME)";
				SWIFT_VERSION = 3.0;
			};
			name = Debug;
		};
		57ECA7BF1DE9BDF7003EFA74 /* Release */ = {
			isa = XCBuildConfiguration;
			buildSettings = {
				ASSETCATALOG_COMPILER_APPICON_NAME = AppIcon;
				DEVELOPMENT_TEAM = "";
				INFOPLIST_FILE = "To DO/Info.plist";
				IPHONEOS_DEPLOYMENT_TARGET = 10.0;
				LD_RUNPATH_SEARCH_PATHS = "$(inherited) @executable_path/Frameworks";
				PRODUCT_BUNDLE_IDENTIFIER = "test.To-DO";
				PRODUCT_NAME = "$(TARGET_NAME)";
				SWIFT_VERSION = 3.0;
			};
			name = Release;
		};
		57ECA7C11DE9BDF7003EFA74 /* Debug */ = {
			isa = XCBuildConfiguration;
			buildSettings = {
				ALWAYS_EMBED_SWIFT_STANDARD_LIBRARIES = YES;
				BUNDLE_LOADER = "$(TEST_HOST)";
				INFOPLIST_FILE = "To DOTests/Info.plist";
				LD_RUNPATH_SEARCH_PATHS = "$(inherited) @executable_path/Frameworks @loader_path/Frameworks";
				PRODUCT_BUNDLE_IDENTIFIER = "test.To-DOTests";
				PRODUCT_NAME = "$(TARGET_NAME)";
				SWIFT_VERSION = 3.0;
				TEST_HOST = "$(BUILT_PRODUCTS_DIR)/To DO.app/To DO";
			};
			name = Debug;
		};
		57ECA7C21DE9BDF7003EFA74 /* Release */ = {
			isa = XCBuildConfiguration;
			buildSettings = {
				ALWAYS_EMBED_SWIFT_STANDARD_LIBRARIES = YES;
				BUNDLE_LOADER = "$(TEST_HOST)";
				INFOPLIST_FILE = "To DOTests/Info.plist";
				LD_RUNPATH_SEARCH_PATHS = "$(inherited) @executable_path/Frameworks @loader_path/Frameworks";
				PRODUCT_BUNDLE_IDENTIFIER = "test.To-DOTests";
				PRODUCT_NAME = "$(TARGET_NAME)";
				SWIFT_VERSION = 3.0;
				TEST_HOST = "$(BUILT_PRODUCTS_DIR)/To DO.app/To DO";
			};
			name = Release;
		};
		57ECA7C41DE9BDF7003EFA74 /* Debug */ = {
			isa = XCBuildConfiguration;
			buildSettings = {
				ALWAYS_EMBED_SWIFT_STANDARD_LIBRARIES = YES;
				INFOPLIST_FILE = "To DOUITests/Info.plist";
				LD_RUNPATH_SEARCH_PATHS = "$(inherited) @executable_path/Frameworks @loader_path/Frameworks";
				PRODUCT_BUNDLE_IDENTIFIER = "test.To-DOUITests";
				PRODUCT_NAME = "$(TARGET_NAME)";
				SWIFT_VERSION = 3.0;
				TEST_TARGET_NAME = "To DO";
			};
			name = Debug;
		};
		57ECA7C51DE9BDF7003EFA74 /* Release */ = {
			isa = XCBuildConfiguration;
			buildSettings = {
				ALWAYS_EMBED_SWIFT_STANDARD_LIBRARIES = YES;
				INFOPLIST_FILE = "To DOUITests/Info.plist";
				LD_RUNPATH_SEARCH_PATHS = "$(inherited) @executable_path/Frameworks @loader_path/Frameworks";
				PRODUCT_BUNDLE_IDENTIFIER = "test.To-DOUITests";
				PRODUCT_NAME = "$(TARGET_NAME)";
				SWIFT_VERSION = 3.0;
				TEST_TARGET_NAME = "To DO";
			};
			name = Release;
		};
/* End XCBuildConfiguration section */

/* Begin XCConfigurationList section */
		57ECA78D1DE9BDF7003EFA74 /* Build configuration list for PBXProject "To DO" */ = {
			isa = XCConfigurationList;
			buildConfigurations = (
				57ECA7BB1DE9BDF7003EFA74 /* Debug */,
				57ECA7BC1DE9BDF7003EFA74 /* Release */,
			);
			defaultConfigurationIsVisible = 0;
			defaultConfigurationName = Release;
		};
		57ECA7BD1DE9BDF7003EFA74 /* Build configuration list for PBXNativeTarget "To DO" */ = {
			isa = XCConfigurationList;
			buildConfigurations = (
				57ECA7BE1DE9BDF7003EFA74 /* Debug */,
				57ECA7BF1DE9BDF7003EFA74 /* Release */,
			);
			defaultConfigurationIsVisible = 0;
			defaultConfigurationName = Release;
		};
		57ECA7C01DE9BDF7003EFA74 /* Build configuration list for PBXNativeTarget "To DOTests" */ = {
			isa = XCConfigurationList;
			buildConfigurations = (
				57ECA7C11DE9BDF7003EFA74 /* Debug */,
				57ECA7C21DE9BDF7003EFA74 /* Release */,
			);
			defaultConfigurationIsVisible = 0;
			defaultConfigurationName = Release;
		};
		57ECA7C31DE9BDF7003EFA74 /* Build configuration list for PBXNativeTarget "To DOUITests" */ = {
			isa = XCConfigurationList;
			buildConfigurations = (
				57ECA7C41DE9BDF7003EFA74 /* Debug */,
				57ECA7C51DE9BDF7003EFA74 /* Release */,
			);
			defaultConfigurationIsVisible = 0;
			defaultConfigurationName = Release;
		};
/* End XCConfigurationList section */

/* Begin XCVersionGroup section */
		57ECA79C1DE9BDF7003EFA74 /* To_DO.xcdatamodeld */ = {
			isa = XCVersionGroup;
			children = (
				57ECA79D1DE9BDF7003EFA74 /* To_DO.xcdatamodel */,
			);
			currentVersion = 57ECA79D1DE9BDF7003EFA74 /* To_DO.xcdatamodel */;
			path = To_DO.xcdatamodeld;
			sourceTree = "<group>";
			versionGroupType = wrapper.xcdatamodel;
		};
/* End XCVersionGroup section */
	};
	rootObject = 57ECA78A1DE9BDF7003EFA74 /* Project object */;
}
